
Microsoft Visual Studio Solution File, Format Version 12.00
# Visual Studio Version 16
VisualStudioVersion = 16.0.30406.217
MinimumVisualStudioVersion = 10.0.40219.1
Project("{FAE04EC0-301F-11D3-BF4B-00C04F79EFBC}") = "Session_cooking", "Session_cooking\Session_cooking.csproj", "{90DCCE8A-849E-4F3D-9320-E062071D36EB}"
EndProject
Global
	GlobalSection(SolutionConfigurationPlatforms) = preSolution
		Debug|Any CPU = Debug|Any CPU
		Release|Any CPU = Release|Any CPU
	EndGlobalSection
	GlobalSection(ProjectConfigurationPlatforms) = postSolution
		{90DCCE8A-849E-4F3D-9320-E062071D36EB}.Debug|Any CPU.ActiveCfg = Debug|Any CPU
		{90DCCE8A-849E-4F3D-9320-E062071D36EB}.Debug|Any CPU.Build.0 = Debug|Any CPU
		{90DCCE8A-849E-4F3D-9320-E062071D36EB}.Release|Any CPU.ActiveCfg = Release|Any CPU
		{90DCCE8A-849E-4F3D-9320-E062071D36EB}.Release|Any CPU.Build.0 = Release|Any CPU
	EndGlobalSection
	GlobalSection(SolutionProperties) = preSolution
		HideSolutionNode = FALSE
	EndGlobalSection
	GlobalSection(ExtensibilityGlobals) = postSolution
		SolutionGuid = {6E153071-4E15-40BB-ABEE-E1E9C767B0D7}
	EndGlobalSection
EndGlobal
